
Microsoft Visual Studio Solution File, Format Version 12.00
# Visual Studio Version 17
VisualStudioVersion = 17.9.34622.214
MinimumVisualStudioVersion = 10.0.40219.1
Project("{FAE04EC0-301F-11D3-BF4B-00C04F79EFBC}") = "Jokenpo", "Jokenpo\Jokenpo.csproj", "{03D3353A-E437-4B99-9008-5E454F7AEE32}"
EndProject
Global
	GlobalSection(SolutionConfigurationPlatforms) = preSolution
		Debug|Any CPU = Debug|Any CPU
		Release|Any CPU = Release|Any CPU
	EndGlobalSection
	GlobalSection(ProjectConfigurationPlatforms) = postSolution
		{03D3353A-E437-4B99-9008-5E454F7AEE32}.Debug|Any CPU.ActiveCfg = Debug|Any CPU
		{03D3353A-E437-4B99-9008-5E454F7AEE32}.Debug|Any CPU.Build.0 = Debug|Any CPU
		{03D3353A-E437-4B99-9008-5E454F7AEE32}.Debug|Any CPU.Deploy.0 = Debug|Any CPU
		{03D3353A-E437-4B99-9008-5E454F7AEE32}.Release|Any CPU.ActiveCfg = Release|Any CPU
		{03D3353A-E437-4B99-9008-5E454F7AEE32}.Release|Any CPU.Build.0 = Release|Any CPU
		{03D3353A-E437-4B99-9008-5E454F7AEE32}.Release|Any CPU.Deploy.0 = Release|Any CPU
	EndGlobalSection
	GlobalSection(SolutionProperties) = preSolution
		HideSolutionNode = FALSE
	EndGlobalSection
	GlobalSection(ExtensibilityGlobals) = postSolution
		SolutionGuid = {3AD84AFB-3466-4721-B1CD-D280096B0FF0}
	EndGlobalSection
EndGlobal
